# This file was autogenerated by uv via the following command:
#    uv pip compile requirements.txt --no-deps --output-file requirements.lock
mediapipe==0.10.35
    # via -r requirements.txt
numpy==2.3.5
    # via -r requirements.txt
opencv-contrib-python==4.13.0.92
    # via -r requirements.txt
pillow==12.2.0
    # via -r requirements.txt
pyvirtualcam==0.15.0
    # via -r requirements.txt
sounddevice==0.5.5
    # via -r requirements.txt
